{
  "version": 2,
  "dependencies": {
    "net10.0": {
      "Microsoft.CodeAnalysis.NetAnalyzers": {
        "type": "Direct",
        "requested": "[10.0.301, )",
        "resolved": "10.0.301",
        "contentHash": "QAHyooyQN0JB95pI8q/N/eAH7Bb0OWSDSSNFGlmuxC+b/fXUVQJJChOBE6ygJFNkRj42u7rCHCSCPQC5n30tNg=="
      },
      "Microsoft.VisualStudio.Threading.Analyzers": {
        "type": "Direct",
        "requested": "[17.14.15, )",
        "resolved": "17.14.15",
        "contentHash": "mXQPJsbuUD2ydq4/ffd8h8tSOFCXec+2xJOVNCvXjuMOq/+5EKHq3D2m2MC2+nUaXeFMSt66VS/J4HdKBixgcw=="
      },
      "StyleCop.Analyzers": {
        "type": "Direct",
        "requested": "[1.1.118, )",
        "resolved": "1.1.118",
        "contentHash": "Onx6ovGSqXSK07n/0eM3ZusiNdB6cIlJdabQhWGgJp3Vooy9AaLS/tigeybOJAobqbtggTamoWndz72JscZBvw=="
      },
      "atya.templates.nugetpackage": {
        "type": "Project"
      }
    }
  }
}